
Microsoft Visual Studio Solution File, Format Version 12.00
# Visual Studio Version 17
VisualStudioVersion = 17.6.33723.286
MinimumVisualStudioVersion = 10.0.40219.1
Project("{FAE04EC0-301F-11D3-BF4B-00C04F79EFBC}") = "HomeWorkThreads", "HomeWorkThreads.csproj", "{4F9AEF36-330F-4BA3-9C67-8B6E888A36DE}"
EndProject
Global
	GlobalSection(SolutionConfigurationPlatforms) = preSolution
		Debug|Any CPU = Debug|Any CPU
		Release|Any CPU = Release|Any CPU
	EndGlobalSection
	GlobalSection(ProjectConfigurationPlatforms) = postSolution
		{4F9AEF36-330F-4BA3-9C67-8B6E888A36DE}.Debug|Any CPU.ActiveCfg = Debug|Any CPU
		{4F9AEF36-330F-4BA3-9C67-8B6E888A36DE}.Debug|Any CPU.Build.0 = Debug|Any CPU
		{4F9AEF36-330F-4BA3-9C67-8B6E888A36DE}.Release|Any CPU.ActiveCfg = Release|Any CPU
		{4F9AEF36-330F-4BA3-9C67-8B6E888A36DE}.Release|Any CPU.Build.0 = Release|Any CPU
	EndGlobalSection
	GlobalSection(SolutionProperties) = preSolution
		HideSolutionNode = FALSE
	EndGlobalSection
	GlobalSection(ExtensibilityGlobals) = postSolution
		SolutionGuid = {C38BB9A7-A88C-48FD-AC9C-8B2ADDB85747}
	EndGlobalSection
EndGlobal
